
Microsoft Visual Studio Solution File, Format Version 12.00
# Visual Studio Version 16
VisualStudioVersion = 16.0.32901.82
MinimumVisualStudioVersion = 10.0.40219.1
Project("{FAE04EC0-301F-11D3-BF4B-00C04F79EFBC}") = "RealTimeCharts.Server", "RealTimeCharts.Server\RealTimeCharts.Server.csproj", "{F35CADBD-C9B0-463D-9BC4-EAE53B1B45B3}"
EndProject
Global
	GlobalSection(SolutionConfigurationPlatforms) = preSolution
		Debug|Any CPU = Debug|Any CPU
		Release|Any CPU = Release|Any CPU
	EndGlobalSection
	GlobalSection(ProjectConfigurationPlatforms) = postSolution
		{F35CADBD-C9B0-463D-9BC4-EAE53B1B45B3}.Debug|Any CPU.ActiveCfg = Debug|Any CPU
		{F35CADBD-C9B0-463D-9BC4-EAE53B1B45B3}.Debug|Any CPU.Build.0 = Debug|Any CPU
		{F35CADBD-C9B0-463D-9BC4-EAE53B1B45B3}.Release|Any CPU.ActiveCfg = Release|Any CPU
		{F35CADBD-C9B0-463D-9BC4-EAE53B1B45B3}.Release|Any CPU.Build.0 = Release|Any CPU
	EndGlobalSection
	GlobalSection(SolutionProperties) = preSolution
		HideSolutionNode = FALSE
	EndGlobalSection
	GlobalSection(ExtensibilityGlobals) = postSolution
		SolutionGuid = {0C8A70E7-36D8-4DD9-9F8E-29C8FEA6CDB8}
	EndGlobalSection
EndGlobal
